
Microsoft Visual Studio Solution File, Format Version 12.00
# Visual Studio Version 17
VisualStudioVersion = 17.0.31903.59
MinimumVisualStudioVersion = 10.0.40219.1
Project("{FAE04EC0-301F-11D3-BF4B-00C04F79EFBC}") = "WinFormsApp", "WinFormsApp.csproj", "{C811AD6A-6DB3-4FE8-9EF6-B3B8037AF016}"
EndProject
Global
	GlobalSection(SolutionConfigurationPlatforms) = preSolution
		Debug|Any CPU = Debug|Any CPU
		Release|Any CPU = Release|Any CPU
	EndGlobalSection
	GlobalSection(ProjectConfigurationPlatforms) = postSolution
		{C811AD6A-6DB3-4FE8-9EF6-B3B8037AF016}.Debug|Any CPU.ActiveCfg = Debug|Any CPU
		{C811AD6A-6DB3-4FE8-9EF6-B3B8037AF016}.Debug|Any CPU.Build.0 = Debug|Any CPU
		{C811AD6A-6DB3-4FE8-9EF6-B3B8037AF016}.Release|Any CPU.ActiveCfg = Release|Any CPU
		{C811AD6A-6DB3-4FE8-9EF6-B3B8037AF016}.Release|Any CPU.Build.0 = Release|Any CPU
	EndGlobalSection
	GlobalSection(SolutionProperties) = preSolution
		HideSolutionNode = FALSE
	EndGlobalSection
	GlobalSection(ExtensibilityGlobals) = postSolution
		SolutionGuid = {61F66A20-14D0-4465-BC62-37E1F0D310F8}
	EndGlobalSection
EndGlobal
